
Microsoft Visual Studio Solution File, Format Version 12.00
# Visual Studio 15
VisualStudioVersion = 15.0.28307.329
MinimumVisualStudioVersion = 10.0.40219.1
Project("{9A19103F-16F7-4668-BE54-9A1E7A4F7556}") = "Ccf.Ck.Libs.AutoUpdater", "src\Ccf.Ck.Libs.AutoUpdater\Ccf.Ck.Libs.AutoUpdater.csproj", "{72A2B3D1-9CF7-41DF-9847-04CC666D9E2F}"
EndProject
Project("{9A19103F-16F7-4668-BE54-9A1E7A4F7556}") = "Ccf.Ck.Libs.AutoUpdater.Process", "src\Ccf.Ck.Libs.AutoUpdater.Process\Ccf.Ck.Libs.AutoUpdater.Process.csproj", "{031BB4F3-4514-409E-B78F-245BE7A9CEC3}"
EndProject
Global
	GlobalSection(SolutionConfigurationPlatforms) = preSolution
		Debug|Any CPU = Debug|Any CPU
		Release|Any CPU = Release|Any CPU
	EndGlobalSection
	GlobalSection(ProjectConfigurationPlatforms) = postSolution
		{72A2B3D1-9CF7-41DF-9847-04CC666D9E2F}.Debug|Any CPU.ActiveCfg = Debug|Any CPU
		{72A2B3D1-9CF7-41DF-9847-04CC666D9E2F}.Debug|Any CPU.Build.0 = Debug|Any CPU
		{72A2B3D1-9CF7-41DF-9847-04CC666D9E2F}.Release|Any CPU.ActiveCfg = Release|Any CPU
		{72A2B3D1-9CF7-41DF-9847-04CC666D9E2F}.Release|Any CPU.Build.0 = Release|Any CPU
		{031BB4F3-4514-409E-B78F-245BE7A9CEC3}.Debug|Any CPU.ActiveCfg = Debug|Any CPU
		{031BB4F3-4514-409E-B78F-245BE7A9CEC3}.Debug|Any CPU.Build.0 = Debug|Any CPU
		{031BB4F3-4514-409E-B78F-245BE7A9CEC3}.Release|Any CPU.ActiveCfg = Release|Any CPU
		{031BB4F3-4514-409E-B78F-245BE7A9CEC3}.Release|Any CPU.Build.0 = Release|Any CPU
	EndGlobalSection
	GlobalSection(SolutionProperties) = preSolution
		HideSolutionNode = FALSE
	EndGlobalSection
	GlobalSection(ExtensibilityGlobals) = postSolution
		SolutionGuid = {23B476AE-EA7A-4D89-AFC4-512827F41BF2}
	EndGlobalSection
EndGlobal
